
Microsoft Visual Studio Solution File, Format Version 12.00
# Visual Studio Version 16
VisualStudioVersion = 16.6.30114.105
MinimumVisualStudioVersion = 10.0.40219.1
Project("{9A19103F-16F7-4668-BE54-9A1E7A4F7556}") = "Recipes.Core.Api", "Api\Recipes.Core.Api.csproj", "{E069609F-1855-4802-A861-4574B184DC9C}"
EndProject
Project("{9A19103F-16F7-4668-BE54-9A1E7A4F7556}") = "Recipes.Core.Application", "Application\Recipes.Core.Application.csproj", "{EBBE3A12-BB33-4744-BE95-A6F842C8FE8F}"
EndProject
Project("{9A19103F-16F7-4668-BE54-9A1E7A4F7556}") = "Recipes.Core.Domain", "Domain\Recipes.Core.Domain.csproj", "{DF836B10-2ABE-44AF-AA3F-D80939A9F6A7}"
EndProject
Project("{9A19103F-16F7-4668-BE54-9A1E7A4F7556}") = "Recipes.Core.Infrastructure", "Infrastructure\Recipes.Core.Infrastructure.csproj", "{FE1C2C5A-C35D-464A-82AD-97E35390FACC}"
EndProject
Global
	GlobalSection(SolutionConfigurationPlatforms) = preSolution
		Debug|Any CPU = Debug|Any CPU
		Debug|x64 = Debug|x64
		Debug|x86 = Debug|x86
		Release|Any CPU = Release|Any CPU
		Release|x64 = Release|x64
		Release|x86 = Release|x86
	EndGlobalSection
	GlobalSection(ProjectConfigurationPlatforms) = postSolution
		{E069609F-1855-4802-A861-4574B184DC9C}.Debug|Any CPU.ActiveCfg = Debug|Any CPU
		{E069609F-1855-4802-A861-4574B184DC9C}.Debug|Any CPU.Build.0 = Debug|Any CPU
		{E069609F-1855-4802-A861-4574B184DC9C}.Debug|x64.ActiveCfg = Debug|Any CPU
		{E069609F-1855-4802-A861-4574B184DC9C}.Debug|x64.Build.0 = Debug|Any CPU
		{E069609F-1855-4802-A861-4574B184DC9C}.Debug|x86.ActiveCfg = Debug|Any CPU
		{E069609F-1855-4802-A861-4574B184DC9C}.Debug|x86.Build.0 = Debug|Any CPU
		{E069609F-1855-4802-A861-4574B184DC9C}.Release|Any CPU.ActiveCfg = Release|Any CPU
		{E069609F-1855-4802-A861-4574B184DC9C}.Release|Any CPU.Build.0 = Release|Any CPU
		{E069609F-1855-4802-A861-4574B184DC9C}.Release|x64.ActiveCfg = Release|Any CPU
		{E069609F-1855-4802-A861-4574B184DC9C}.Release|x64.Build.0 = Release|Any CPU
		{E069609F-1855-4802-A861-4574B184DC9C}.Release|x86.ActiveCfg = Release|Any CPU
		{E069609F-1855-4802-A861-4574B184DC9C}.Release|x86.Build.0 = Release|Any CPU
		{EBBE3A12-BB33-4744-BE95-A6F842C8FE8F}.Debug|Any CPU.ActiveCfg = Debug|Any CPU
		{EBBE3A12-BB33-4744-BE95-A6F842C8FE8F}.Debug|Any CPU.Build.0 = Debug|Any CPU
		{EBBE3A12-BB33-4744-BE95-A6F842C8FE8F}.Debug|x64.ActiveCfg = Debug|Any CPU
		{EBBE3A12-BB33-4744-BE95-A6F842C8FE8F}.Debug|x64.Build.0 = Debug|Any CPU
		{EBBE3A12-BB33-4744-BE95-A6F842C8FE8F}.Debug|x86.ActiveCfg = Debug|Any CPU
		{EBBE3A12-BB33-4744-BE95-A6F842C8FE8F}.Debug|x86.Build.0 = Debug|Any CPU
		{EBBE3A12-BB33-4744-BE95-A6F842C8FE8F}.Release|Any CPU.ActiveCfg = Release|Any CPU
		{EBBE3A12-BB33-4744-BE95-A6F842C8FE8F}.Release|Any CPU.Build.0 = Release|Any CPU
		{EBBE3A12-BB33-4744-BE95-A6F842C8FE8F}.Release|x64.ActiveCfg = Release|Any CPU
		{EBBE3A12-BB33-4744-BE95-A6F842C8FE8F}.Release|x64.Build.0 = Release|Any CPU
		{EBBE3A12-BB33-4744-BE95-A6F842C8FE8F}.Release|x86.ActiveCfg = Release|Any CPU
		{EBBE3A12-BB33-4744-BE95-A6F842C8FE8F}.Release|x86.Build.0 = Release|Any CPU
		{DF836B10-2ABE-44AF-AA3F-D80939A9F6A7}.Debug|Any CPU.ActiveCfg = Debug|Any CPU
		{DF836B10-2ABE-44AF-AA3F-D80939A9F6A7}.Debug|Any CPU.Build.0 = Debug|Any CPU
		{DF836B10-2ABE-44AF-AA3F-D80939A9F6A7}.Debug|x64.ActiveCfg = Debug|Any CPU
		{DF836B10-2ABE-44AF-AA3F-D80939A9F6A7}.Debug|x64.Build.0 = Debug|Any CPU
		{DF836B10-2ABE-44AF-AA3F-D80939A9F6A7}.Debug|x86.ActiveCfg = Debug|Any CPU
		{DF836B10-2ABE-44AF-AA3F-D80939A9F6A7}.Debug|x86.Build.0 = Debug|Any CPU
		{DF836B10-2ABE-44AF-AA3F-D80939A9F6A7}.Release|Any CPU.ActiveCfg = Release|Any CPU
		{DF836B10-2ABE-44AF-AA3F-D80939A9F6A7}.Release|Any CPU.Build.0 = Release|Any CPU
		{DF836B10-2ABE-44AF-AA3F-D80939A9F6A7}.Release|x64.ActiveCfg = Release|Any CPU
		{DF836B10-2ABE-44AF-AA3F-D80939A9F6A7}.Release|x64.Build.0 = Release|Any CPU
		{DF836B10-2ABE-44AF-AA3F-D80939A9F6A7}.Release|x86.ActiveCfg = Release|Any CPU
		{DF836B10-2ABE-44AF-AA3F-D80939A9F6A7}.Release|x86.Build.0 = Release|Any CPU
		{FE1C2C5A-C35D-464A-82AD-97E35390FACC}.Debug|Any CPU.ActiveCfg = Debug|Any CPU
		{FE1C2C5A-C35D-464A-82AD-97E35390FACC}.Debug|Any CPU.Build.0 = Debug|Any CPU
		{FE1C2C5A-C35D-464A-82AD-97E35390FACC}.Debug|x64.ActiveCfg = Debug|Any CPU
		{FE1C2C5A-C35D-464A-82AD-97E35390FACC}.Debug|x64.Build.0 = Debug|Any CPU
		{FE1C2C5A-C35D-464A-82AD-97E35390FACC}.Debug|x86.ActiveCfg = Debug|Any CPU
		{FE1C2C5A-C35D-464A-82AD-97E35390FACC}.Debug|x86.Build.0 = Debug|Any CPU
		{FE1C2C5A-C35D-464A-82AD-97E35390FACC}.Release|Any CPU.ActiveCfg = Release|Any CPU
		{FE1C2C5A-C35D-464A-82AD-97E35390FACC}.Release|Any CPU.Build.0 = Release|Any CPU
		{FE1C2C5A-C35D-464A-82AD-97E35390FACC}.Release|x64.ActiveCfg = Release|Any CPU
		{FE1C2C5A-C35D-464A-82AD-97E35390FACC}.Release|x64.Build.0 = Release|Any CPU
		{FE1C2C5A-C35D-464A-82AD-97E35390FACC}.Release|x86.ActiveCfg = Release|Any CPU
		{FE1C2C5A-C35D-464A-82AD-97E35390FACC}.Release|x86.Build.0 = Release|Any CPU
	EndGlobalSection
	GlobalSection(SolutionProperties) = preSolution
		HideSolutionNode = FALSE
	EndGlobalSection
	GlobalSection(ExtensibilityGlobals) = postSolution
		SolutionGuid = {56774105-F01B-4282-B2EB-EA221B29F44D}
	EndGlobalSection
EndGlobal
